
Microsoft Visual Studio Solution File, Format Version 12.00
# Visual Studio Version 16
VisualStudioVersion = 16.0.30621.155
MinimumVisualStudioVersion = 10.0.40219.1
Project("{8BC9CEB8-8B4A-11D0-8D11-00A0C91BC942}") = "40_Texture_Manipulation", "40_Texture_Manipulation\40_Texture_Manipulation.vcxproj", "{525AB756-B155-44E9-A42D-E67CC3672BE9}"
EndProject
Global
	GlobalSection(SolutionConfigurationPlatforms) = preSolution
		Debug|x64 = Debug|x64
		Debug|x86 = Debug|x86
		Release|x64 = Release|x64
		Release|x86 = Release|x86
	EndGlobalSection
	GlobalSection(ProjectConfigurationPlatforms) = postSolution
		{525AB756-B155-44E9-A42D-E67CC3672BE9}.Debug|x64.ActiveCfg = Debug|x64
		{525AB756-B155-44E9-A42D-E67CC3672BE9}.Debug|x64.Build.0 = Debug|x64
		{525AB756-B155-44E9-A42D-E67CC3672BE9}.Debug|x86.ActiveCfg = Debug|Win32
		{525AB756-B155-44E9-A42D-E67CC3672BE9}.Debug|x86.Build.0 = Debug|Win32
		{525AB756-B155-44E9-A42D-E67CC3672BE9}.Release|x64.ActiveCfg = Release|x64
		{525AB756-B155-44E9-A42D-E67CC3672BE9}.Release|x64.Build.0 = Release|x64
		{525AB756-B155-44E9-A42D-E67CC3672BE9}.Release|x86.ActiveCfg = Release|Win32
		{525AB756-B155-44E9-A42D-E67CC3672BE9}.Release|x86.Build.0 = Release|Win32
	EndGlobalSection
	GlobalSection(SolutionProperties) = preSolution
		HideSolutionNode = FALSE
	EndGlobalSection
	GlobalSection(ExtensibilityGlobals) = postSolution
		SolutionGuid = {91735FB1-A08F-45F0-B937-FFBB8FFA33CC}
	EndGlobalSection
EndGlobal
