
Microsoft Visual Studio Solution File, Format Version 12.00
# Visual Studio Version 16
VisualStudioVersion = 16.0.30711.63
MinimumVisualStudioVersion = 10.0.40219.1
Project("{8BC9CEB8-8B4A-11D0-8D11-00A0C91BC942}") = "47_Semaphores", "47_Semaphores\47_Semaphores.vcxproj", "{2F33F462-5228-4696-AE68-F42A0BF54091}"
EndProject
Global
	GlobalSection(SolutionConfigurationPlatforms) = preSolution
		Debug|x64 = Debug|x64
		Debug|x86 = Debug|x86
		Release|x64 = Release|x64
		Release|x86 = Release|x86
	EndGlobalSection
	GlobalSection(ProjectConfigurationPlatforms) = postSolution
		{2F33F462-5228-4696-AE68-F42A0BF54091}.Debug|x64.ActiveCfg = Debug|x64
		{2F33F462-5228-4696-AE68-F42A0BF54091}.Debug|x64.Build.0 = Debug|x64
		{2F33F462-5228-4696-AE68-F42A0BF54091}.Debug|x86.ActiveCfg = Debug|Win32
		{2F33F462-5228-4696-AE68-F42A0BF54091}.Debug|x86.Build.0 = Debug|Win32
		{2F33F462-5228-4696-AE68-F42A0BF54091}.Release|x64.ActiveCfg = Release|x64
		{2F33F462-5228-4696-AE68-F42A0BF54091}.Release|x64.Build.0 = Release|x64
		{2F33F462-5228-4696-AE68-F42A0BF54091}.Release|x86.ActiveCfg = Release|Win32
		{2F33F462-5228-4696-AE68-F42A0BF54091}.Release|x86.Build.0 = Release|Win32
	EndGlobalSection
	GlobalSection(SolutionProperties) = preSolution
		HideSolutionNode = FALSE
	EndGlobalSection
	GlobalSection(ExtensibilityGlobals) = postSolution
		SolutionGuid = {434E4B10-93BD-4A0F-A35D-D37DF5A888F8}
	EndGlobalSection
EndGlobal
