
Microsoft Visual Studio Solution File, Format Version 12.00
# Visual Studio Version 16
VisualStudioVersion = 16.0.30621.155
MinimumVisualStudioVersion = 10.0.40219.1
Project("{8BC9CEB8-8B4A-11D0-8D11-00A0C91BC942}") = "27_Collision_Detection", "27_Collision_Detection\27_Collision_Detection.vcxproj", "{90FEE489-170A-4758-A771-6DFF21405667}"
EndProject
Global
	GlobalSection(SolutionConfigurationPlatforms) = preSolution
		Debug|x64 = Debug|x64
		Debug|x86 = Debug|x86
		Release|x64 = Release|x64
		Release|x86 = Release|x86
	EndGlobalSection
	GlobalSection(ProjectConfigurationPlatforms) = postSolution
		{90FEE489-170A-4758-A771-6DFF21405667}.Debug|x64.ActiveCfg = Debug|x64
		{90FEE489-170A-4758-A771-6DFF21405667}.Debug|x64.Build.0 = Debug|x64
		{90FEE489-170A-4758-A771-6DFF21405667}.Debug|x86.ActiveCfg = Debug|Win32
		{90FEE489-170A-4758-A771-6DFF21405667}.Debug|x86.Build.0 = Debug|Win32
		{90FEE489-170A-4758-A771-6DFF21405667}.Release|x64.ActiveCfg = Release|x64
		{90FEE489-170A-4758-A771-6DFF21405667}.Release|x64.Build.0 = Release|x64
		{90FEE489-170A-4758-A771-6DFF21405667}.Release|x86.ActiveCfg = Release|Win32
		{90FEE489-170A-4758-A771-6DFF21405667}.Release|x86.Build.0 = Release|Win32
	EndGlobalSection
	GlobalSection(SolutionProperties) = preSolution
		HideSolutionNode = FALSE
	EndGlobalSection
	GlobalSection(ExtensibilityGlobals) = postSolution
		SolutionGuid = {FE1A3B5F-5E77-48F5-8448-B25A81162DBE}
	EndGlobalSection
EndGlobal
