
Microsoft Visual Studio Solution File, Format Version 12.00
# Visual Studio Version 16
VisualStudioVersion = 16.0.30621.155
MinimumVisualStudioVersion = 10.0.40219.1
Project("{8BC9CEB8-8B4A-11D0-8D11-00A0C91BC942}") = "09_The_Viewport", "09_The_Viewport\09_The_Viewport.vcxproj", "{97525C8C-164B-42D0-9078-8590A9969F8D}"
EndProject
Global
	GlobalSection(SolutionConfigurationPlatforms) = preSolution
		Debug|x64 = Debug|x64
		Debug|x86 = Debug|x86
		Release|x64 = Release|x64
		Release|x86 = Release|x86
	EndGlobalSection
	GlobalSection(ProjectConfigurationPlatforms) = postSolution
		{97525C8C-164B-42D0-9078-8590A9969F8D}.Debug|x64.ActiveCfg = Debug|x64
		{97525C8C-164B-42D0-9078-8590A9969F8D}.Debug|x64.Build.0 = Debug|x64
		{97525C8C-164B-42D0-9078-8590A9969F8D}.Debug|x86.ActiveCfg = Debug|Win32
		{97525C8C-164B-42D0-9078-8590A9969F8D}.Debug|x86.Build.0 = Debug|Win32
		{97525C8C-164B-42D0-9078-8590A9969F8D}.Release|x64.ActiveCfg = Release|x64
		{97525C8C-164B-42D0-9078-8590A9969F8D}.Release|x64.Build.0 = Release|x64
		{97525C8C-164B-42D0-9078-8590A9969F8D}.Release|x86.ActiveCfg = Release|Win32
		{97525C8C-164B-42D0-9078-8590A9969F8D}.Release|x86.Build.0 = Release|Win32
	EndGlobalSection
	GlobalSection(SolutionProperties) = preSolution
		HideSolutionNode = FALSE
	EndGlobalSection
	GlobalSection(ExtensibilityGlobals) = postSolution
		SolutionGuid = {F963E35B-C86A-4188-BD8B-795731318BAD}
	EndGlobalSection
EndGlobal
