
Microsoft Visual Studio Solution File, Format Version 12.00
# Visual Studio Version 16
VisualStudioVersion = 16.0.30621.155
MinimumVisualStudioVersion = 10.0.40219.1
Project("{8BC9CEB8-8B4A-11D0-8D11-00A0C91BC942}") = "12_Color_Modulation", "12_Color_Modulation\12_Color_Modulation.vcxproj", "{6726A47A-E554-4AB3-9CD6-4A1E595C9FE8}"
EndProject
Global
	GlobalSection(SolutionConfigurationPlatforms) = preSolution
		Debug|x64 = Debug|x64
		Debug|x86 = Debug|x86
		Release|x64 = Release|x64
		Release|x86 = Release|x86
	EndGlobalSection
	GlobalSection(ProjectConfigurationPlatforms) = postSolution
		{6726A47A-E554-4AB3-9CD6-4A1E595C9FE8}.Debug|x64.ActiveCfg = Debug|x64
		{6726A47A-E554-4AB3-9CD6-4A1E595C9FE8}.Debug|x64.Build.0 = Debug|x64
		{6726A47A-E554-4AB3-9CD6-4A1E595C9FE8}.Debug|x86.ActiveCfg = Debug|Win32
		{6726A47A-E554-4AB3-9CD6-4A1E595C9FE8}.Debug|x86.Build.0 = Debug|Win32
		{6726A47A-E554-4AB3-9CD6-4A1E595C9FE8}.Release|x64.ActiveCfg = Release|x64
		{6726A47A-E554-4AB3-9CD6-4A1E595C9FE8}.Release|x64.Build.0 = Release|x64
		{6726A47A-E554-4AB3-9CD6-4A1E595C9FE8}.Release|x86.ActiveCfg = Release|Win32
		{6726A47A-E554-4AB3-9CD6-4A1E595C9FE8}.Release|x86.Build.0 = Release|Win32
	EndGlobalSection
	GlobalSection(SolutionProperties) = preSolution
		HideSolutionNode = FALSE
	EndGlobalSection
	GlobalSection(ExtensibilityGlobals) = postSolution
		SolutionGuid = {0A323189-E51F-4B31-A9E3-B2BE11A20273}
	EndGlobalSection
EndGlobal
