
Microsoft Visual Studio Solution File, Format Version 12.00
# Visual Studio Version 16
VisualStudioVersion = 16.0.30621.155
MinimumVisualStudioVersion = 10.0.40219.1
Project("{8BC9CEB8-8B4A-11D0-8D11-00A0C91BC942}") = "31_Scrolling_Backgrounds", "31_Scrolling_Backgrounds\31_Scrolling_Backgrounds.vcxproj", "{BFD78E59-1163-4BC4-8A29-7F0DCCD8BC5D}"
EndProject
Global
	GlobalSection(SolutionConfigurationPlatforms) = preSolution
		Debug|x64 = Debug|x64
		Debug|x86 = Debug|x86
		Release|x64 = Release|x64
		Release|x86 = Release|x86
	EndGlobalSection
	GlobalSection(ProjectConfigurationPlatforms) = postSolution
		{BFD78E59-1163-4BC4-8A29-7F0DCCD8BC5D}.Debug|x64.ActiveCfg = Debug|x64
		{BFD78E59-1163-4BC4-8A29-7F0DCCD8BC5D}.Debug|x64.Build.0 = Debug|x64
		{BFD78E59-1163-4BC4-8A29-7F0DCCD8BC5D}.Debug|x86.ActiveCfg = Debug|Win32
		{BFD78E59-1163-4BC4-8A29-7F0DCCD8BC5D}.Debug|x86.Build.0 = Debug|Win32
		{BFD78E59-1163-4BC4-8A29-7F0DCCD8BC5D}.Release|x64.ActiveCfg = Release|x64
		{BFD78E59-1163-4BC4-8A29-7F0DCCD8BC5D}.Release|x64.Build.0 = Release|x64
		{BFD78E59-1163-4BC4-8A29-7F0DCCD8BC5D}.Release|x86.ActiveCfg = Release|Win32
		{BFD78E59-1163-4BC4-8A29-7F0DCCD8BC5D}.Release|x86.Build.0 = Release|Win32
	EndGlobalSection
	GlobalSection(SolutionProperties) = preSolution
		HideSolutionNode = FALSE
	EndGlobalSection
	GlobalSection(ExtensibilityGlobals) = postSolution
		SolutionGuid = {CB2C2901-7B86-443F-ACE8-B35E3EC76A19}
	EndGlobalSection
EndGlobal
