
Microsoft Visual Studio Solution File, Format Version 12.00
# Visual Studio Version 16
VisualStudioVersion = 16.0.30621.155
MinimumVisualStudioVersion = 10.0.40219.1
Project("{8BC9CEB8-8B4A-11D0-8D11-00A0C91BC942}") = "42_Texture_Streaming", "42_Texture_Streaming\42_Texture_Streaming.vcxproj", "{6FAED608-B260-4230-B3AD-B4D802567FEE}"
EndProject
Global
	GlobalSection(SolutionConfigurationPlatforms) = preSolution
		Debug|x64 = Debug|x64
		Debug|x86 = Debug|x86
		Release|x64 = Release|x64
		Release|x86 = Release|x86
	EndGlobalSection
	GlobalSection(ProjectConfigurationPlatforms) = postSolution
		{6FAED608-B260-4230-B3AD-B4D802567FEE}.Debug|x64.ActiveCfg = Debug|x64
		{6FAED608-B260-4230-B3AD-B4D802567FEE}.Debug|x64.Build.0 = Debug|x64
		{6FAED608-B260-4230-B3AD-B4D802567FEE}.Debug|x86.ActiveCfg = Debug|Win32
		{6FAED608-B260-4230-B3AD-B4D802567FEE}.Debug|x86.Build.0 = Debug|Win32
		{6FAED608-B260-4230-B3AD-B4D802567FEE}.Release|x64.ActiveCfg = Release|x64
		{6FAED608-B260-4230-B3AD-B4D802567FEE}.Release|x64.Build.0 = Release|x64
		{6FAED608-B260-4230-B3AD-B4D802567FEE}.Release|x86.ActiveCfg = Release|Win32
		{6FAED608-B260-4230-B3AD-B4D802567FEE}.Release|x86.Build.0 = Release|Win32
	EndGlobalSection
	GlobalSection(SolutionProperties) = preSolution
		HideSolutionNode = FALSE
	EndGlobalSection
	GlobalSection(ExtensibilityGlobals) = postSolution
		SolutionGuid = {690D6976-5929-4614-A94C-A61494D8B077}
	EndGlobalSection
EndGlobal
